
Microsoft Visual Studio Solution File, Format Version 12.00
# Visual Studio Version 17
VisualStudioVersion = 17.11.35219.272
MinimumVisualStudioVersion = 10.0.40219.1
Project("{FAE04EC0-301F-11D3-BF4B-00C04F79EFBC}") = "LoanManagement", "LoanManagement\LoanManagement.csproj", "{7D462E9B-32CF-4962-A98F-48A5C43A4AE9}"
EndProject
Global
	GlobalSection(SolutionConfigurationPlatforms) = preSolution
		Debug|Any CPU = Debug|Any CPU
		Release|Any CPU = Release|Any CPU
	EndGlobalSection
	GlobalSection(ProjectConfigurationPlatforms) = postSolution
		{7D462E9B-32CF-4962-A98F-48A5C43A4AE9}.Debug|Any CPU.ActiveCfg = Debug|Any CPU
		{7D462E9B-32CF-4962-A98F-48A5C43A4AE9}.Debug|Any CPU.Build.0 = Debug|Any CPU
		{7D462E9B-32CF-4962-A98F-48A5C43A4AE9}.Release|Any CPU.ActiveCfg = Release|Any CPU
		{7D462E9B-32CF-4962-A98F-48A5C43A4AE9}.Release|Any CPU.Build.0 = Release|Any CPU
	EndGlobalSection
	GlobalSection(SolutionProperties) = preSolution
		HideSolutionNode = FALSE
	EndGlobalSection
	GlobalSection(ExtensibilityGlobals) = postSolution
		SolutionGuid = {EE6911C2-A4A9-4006-8D88-2543F25CCD8C}
	EndGlobalSection
EndGlobal
